
Microsoft Visual Studio Solution File, Format Version 12.00
# Visual Studio Version 16
VisualStudioVersion = 16.0.31410.357
MinimumVisualStudioVersion = 10.0.40219.1
Project("{FAE04EC0-301F-11D3-BF4B-00C04F79EFBC}") = "ConsoleApp4", "ConsoleApp4\ConsoleApp4.csproj", "{C8BBBD4B-614B-4370-A38E-C80C1B2BDA88}"
EndProject
Global
	GlobalSection(SolutionConfigurationPlatforms) = preSolution
		Debug|Any CPU = Debug|Any CPU
		Release|Any CPU = Release|Any CPU
	EndGlobalSection
	GlobalSection(ProjectConfigurationPlatforms) = postSolution
		{C8BBBD4B-614B-4370-A38E-C80C1B2BDA88}.Debug|Any CPU.ActiveCfg = Debug|Any CPU
		{C8BBBD4B-614B-4370-A38E-C80C1B2BDA88}.Debug|Any CPU.Build.0 = Debug|Any CPU
		{C8BBBD4B-614B-4370-A38E-C80C1B2BDA88}.Release|Any CPU.ActiveCfg = Release|Any CPU
		{C8BBBD4B-614B-4370-A38E-C80C1B2BDA88}.Release|Any CPU.Build.0 = Release|Any CPU
	EndGlobalSection
	GlobalSection(SolutionProperties) = preSolution
		HideSolutionNode = FALSE
	EndGlobalSection
	GlobalSection(ExtensibilityGlobals) = postSolution
		SolutionGuid = {C1898BA4-B296-4B1F-8444-4711E1A896F7}
	EndGlobalSection
EndGlobal
